<?xml version="1.0" encoding="utf-8"?>
<Project ToolsVersion="4.0" xmlns="http://schemas.microsoft.com/developer/msbuild/2003">
  <ItemGroup>
    <Filter Include="Source Files">
      <UniqueIdentifier>{4FC737F1-C7A5-4376-A066-2A32D752A2FF}</UniqueIdentifier>
      <Extensions>cpp;c;cc;cxx;c++;cppm;ixx;def;odl;idl;hpj;bat;asm;asmx</Extensions>
    </Filter>
    <Filter Include="Header Files">
      <UniqueIdentifier>{93995380-89BD-4b04-88EB-625FBE52EBFB}</UniqueIdentifier>
      <Extensions>h;hh;hpp;hxx;h++;hm;inl;inc;ipp;xsd</Extensions>
    </Filter>
    <Filter Include="Resource Files">
      <UniqueIdentifier>{67DA6AB6-F800-4c08-8B7A-83BB121AAD01}</UniqueIdentifier>
      <Extensions>rc;ico;cur;bmp;dlg;rc2;rct;bin;rgs;gif;jpg;jpeg;jpe;resx;tiff;tif;png;wav;mfcribbon-ms</Extensions>
    </Filter>
    <Filter Include="Shaders">
      <UniqueIdentifier>{24b9489f-f551-453a-b38b-df6667bebd15}</UniqueIdentifier>
    </Filter>
    <Filter Include="assets">
      <UniqueIdentifier>{ce80657b-92ba-476a-b216-c23103e573eb}</UniqueIdentifier>
    </Filter>
  </ItemGroup>
  <ItemGroup>
    <ClCompile Include="glad.c">
      <Filter>Resource Files</Filter>
    </ClCompile>
    <ClCompile Include="HousePGR.cpp">
      <Filter>Source Files</Filter>
    </ClCompile>
    <ClCompile Include="stb_image.cpp">
      <Filter>Resource Files</Filter>
    </ClCompile>
  </ItemGroup>
  <ItemGroup>
    <ClInclude Include="ShaderGen.h">
      <Filter>Header Files</Filter>
    </ClInclude>
    <ClInclude Include="resource.h">
      <Filter>Header Files</Filter>
    </ClInclude>
    <ClInclude Include="stb_image.h">
      <Filter>Header Files</Filter>
    </ClInclude>
    <ClInclude Include="camera.h">
      <Filter>Header Files</Filter>
    </ClInclude>
    <ClInclude Include="Mesh.h">
      <Filter>Header Files</Filter>
    </ClInclude>
    <ClInclude Include="Model.h">
      <Filter>Header Files</Filter>
    </ClInclude>
    <ClInclude Include="render_stuff.h">
      <Filter>Header Files</Filter>
    </ClInclude>
    <ClInclude Include="windowsInfo.h">
      <Filter>Header Files</Filter>
    </ClInclude>
    <ClInclude Include="house.h">
      <Filter>Header Files</Filter>
    </ClInclude>
    <ClInclude Include="data.h">
      <Filter>Header Files</Filter>
    </ClInclude>
  </ItemGroup>
  <ItemGroup>
    <ResourceCompile Include="PGR_SEM.rc">
      <Filter>Resource Files</Filter>
    </ResourceCompile>
  </ItemGroup>
  <ItemGroup>
    <Text Include="..\shaders\vs.txt">
      <Filter>Shaders</Filter>
    </Text>
    <Text Include="..\shaders\butterflyFS.txt">
      <Filter>Shaders</Filter>
    </Text>
    <Text Include="..\shaders\butterflyVS.txt">
      <Filter>Shaders</Filter>
    </Text>
    <Text Include="..\shaders\collisionCubeFS.txt">
      <Filter>Shaders</Filter>
    </Text>
    <Text Include="..\shaders\collisionCubeVS.txt">
      <Filter>Shaders</Filter>
    </Text>
    <Text Include="..\shaders\fs.txt">
      <Filter>Shaders</Filter>
    </Text>
    <Text Include="..\shaders\pickingFS.txt">
      <Filter>Shaders</Filter>
    </Text>
    <Text Include="..\shaders\pickingVS.txt">
      <Filter>Shaders</Filter>
    </Text>
    <Text Include="..\shaders\robberDuckFS.txt">
      <Filter>Shaders</Filter>
    </Text>
    <Text Include="..\shaders\robberDuckVS.txt">
      <Filter>Shaders</Filter>
    </Text>
    <Text Include="..\shaders\skyboxFS.txt">
      <Filter>Shaders</Filter>
    </Text>
    <Text Include="..\shaders\skyboxVS.txt">
      <Filter>Shaders</Filter>
    </Text>
  </ItemGroup>
</Project>